
Microsoft Visual Studio Solution File, Format Version 12.00
# Visual Studio Version 17
VisualStudioVersion = 17.11.35312.102
MinimumVisualStudioVersion = 10.0.40219.1
Project("{FAE04EC0-301F-11D3-BF4B-00C04F79EFBC}") = "Cli", "Cli\Cli.csproj", "{1DEBE175-78F7-4977-9CE4-7A8B5157254D}"
EndProject
Global
	GlobalSection(SolutionConfigurationPlatforms) = preSolution
		Debug|Any CPU = Debug|Any CPU
		Release|Any CPU = Release|Any CPU
	EndGlobalSection
	GlobalSection(ProjectConfigurationPlatforms) = postSolution
		{1DEBE175-78F7-4977-9CE4-7A8B5157254D}.Debug|Any CPU.ActiveCfg = Debug|Any CPU
		{1DEBE175-78F7-4977-9CE4-7A8B5157254D}.Debug|Any CPU.Build.0 = Debug|Any CPU
		{1DEBE175-78F7-4977-9CE4-7A8B5157254D}.Release|Any CPU.ActiveCfg = Release|Any CPU
		{1DEBE175-78F7-4977-9CE4-7A8B5157254D}.Release|Any CPU.Build.0 = Release|Any CPU
	EndGlobalSection
	GlobalSection(SolutionProperties) = preSolution
		HideSolutionNode = FALSE
	EndGlobalSection
	GlobalSection(ExtensibilityGlobals) = postSolution
		SolutionGuid = {F2D51FB7-1F99-4141-90B3-2B293C761633}
	EndGlobalSection
EndGlobal
